// !$*UTF8*$!
{
	archiveVersion = 1;
	classes = {
	};
	objectVersion = 46;
	objects = {

/* Begin PBXBuildFile section */
		7187652F1E5E3976005C4DBB /* AppDelegate.swift in Sources */ = {isa = PBXBuildFile; fileRef = 7187652E1E5E3976005C4DBB /* AppDelegate.swift */; };
		718765311E5E3976005C4DBB /* ViewController.swift in Sources */ = {isa = PBXBuildFile; fileRef = 718765301E5E3976005C4DBB /* ViewController.swift */; };
		718765341E5E3976005C4DBB /* Main.storyboard in Resources */ = {isa = PBXBuildFile; fileRef = 718765321E5E3976005C4DBB /* Main.storyboard */; };
		718765361E5E3976005C4DBB /* Assets.xcassets in Resources */ = {isa = PBXBuildFile; fileRef = 718765351E5E3976005C4DBB /* Assets.xcassets */; };
		718765391E5E3976005C4DBB /* LaunchScreen.storyboard in Resources */ = {isa = PBXBuildFile; fileRef = 718765371E5E3976005C4DBB /* LaunchScreen.storyboard */; };
		718765441E5E3977005C4DBB /* WorldTrotterTests.swift in Sources */ = {isa = PBXBuildFile; fileRef = 718765431E5E3977005C4DBB /* WorldTrotterTests.swift */; };
		7187654F1E5E3977005C4DBB /* WorldTrotterUITests.swift in Sources */ = {isa = PBXBuildFile; fileRef = 7187654E1E5E3977005C4DBB /* WorldTrotterUITests.swift */; };
/* End PBXBuildFile section */

/* Begin PBXContainerItemProxy section */
		718765401E5E3977005C4DBB /* PBXContainerItemProxy */ = {
			isa = PBXContainerItemProxy;
			containerPortal = 718765231E5E3976005C4DBB /* Project object */;
			proxyType = 1;
			remoteGlobalIDString = 7187652A1E5E3976005C4DBB;
			remoteInfo = WorldTrotter;
		};
		7187654B1E5E3977005C4DBB /* PBXContainerItemProxy */ = {
			isa = PBXContainerItemProxy;
			containerPortal = 718765231E5E3976005C4DBB /* Project object */;
			proxyType = 1;
			remoteGlobalIDString = 7187652A1E5E3976005C4DBB;
			remoteInfo = WorldTrotter;
		};
/* End PBXContainerItemProxy section */

/* Begin PBXFileReference section */
		7187652B1E5E3976005C4DBB /* WorldTrotter.app */ = {isa = PBXFileReference; explicitFileType = wrapper.application; includeInIndex = 0; path = WorldTrotter.app; sourceTree = BUILT_PRODUCTS_DIR; };
		7187652E1E5E3976005C4DBB /* AppDelegate.swift */ = {isa = PBXFileReference; lastKnownFileType = sourcecode.swift; path = AppDelegate.swift; sourceTree = "<group>"; };
		718765301E5E3976005C4DBB /* ViewController.swift */ = {isa = PBXFileReference; lastKnownFileType = sourcecode.swift; path = ViewController.swift; sourceTree = "<group>"; };
		718765331E5E3976005C4DBB /* Base */ = {isa = PBXFileReference; lastKnownFileType = file.storyboard; name = Base; path = Base.lproj/Main.storyboard; sourceTree = "<group>"; };
		718765351E5E3976005C4DBB /* Assets.xcassets */ = {isa = PBXFileReference; lastKnownFileType = folder.assetcatalog; path = Assets.xcassets; sourceTree = "<group>"; };
		718765381E5E3976005C4DBB /* Base */ = {isa = PBXFileReference; lastKnownFileType = file.storyboard; name = Base; path = Base.lproj/LaunchScreen.storyboard; sourceTree = "<group>"; };
		7187653A1E5E3976005C4DBB /* Info.plist */ = {isa = PBXFileReference; lastKnownFileType = text.plist.xml; path = Info.plist; sourceTree = "<group>"; };
		7187653F1E5E3977005C4DBB /* WorldTrotterTests.xctest */ = {isa = PBXFileReference; explicitFileType = wrapper.cfbundle; includeInIndex = 0; path = WorldTrotterTests.xctest; sourceTree = BUILT_PRODUCTS_DIR; };
		718765431E5E3977005C4DBB /* WorldTrotterTests.swift */ = {isa = PBXFileReference; lastKnownFileType = sourcecode.swift; path = WorldTrotterTests.swift; sourceTree = "<group>"; };
		718765451E5E3977005C4DBB /* Info.plist */ = {isa = PBXFileReference; lastKnownFileType = text.plist.xml; path = Info.plist; sourceTree = "<group>"; };
		7187654A1E5E3977005C4DBB /* WorldTrotterUITests.xctest */ = {isa = PBXFileReference; explicitFileType = wrapper.cfbundle; includeInIndex = 0; path = WorldTrotterUITests.xctest; sourceTree = BUILT_PRODUCTS_DIR; };
		7187654E1E5E3977005C4DBB /* WorldTrotterUITests.swift */ = {isa = PBXFileReference; lastKnownFileType = sourcecode.swift; path = WorldTrotterUITests.swift; sourceTree = "<group>"; };
		718765501E5E3977005C4DBB /* Info.plist */ = {isa = PBXFileReference; lastKnownFileType = text.plist.xml; path = Info.plist; sourceTree = "<group>"; };
/* End PBXFileReference section */

/* Begin PBXFrameworksBuildPhase section */
		718765281E5E3976005C4DBB /* Frameworks */ = {
			isa = PBXFrameworksBuildPhase;
			buildActionMask = 2147483647;
			files = (
			);
			runOnlyForDeploymentPostprocessing = 0;
		};
		7187653C1E5E3977005C4DBB /* Frameworks */ = {
			isa = PBXFrameworksBuildPhase;
			buildActionMask = 2147483647;
			files = (
			);
			runOnlyForDeploymentPostprocessing = 0;
		};
		718765471E5E3977005C4DBB /* Frameworks */ = {
			isa = PBXFrameworksBuildPhase;
			buildActionMask = 2147483647;
			files = (
			);
			runOnlyForDeploymentPostprocessing = 0;
		};
/* End PBXFrameworksBuildPhase section */

/* Begin PBXGroup section */
		718765221E5E3976005C4DBB = {
			isa = PBXGroup;
			children = (
				7187652D1E5E3976005C4DBB /* WorldTrotter */,
				718765421E5E3977005C4DBB /* WorldTrotterTests */,
				7187654D1E5E3977005C4DBB /* WorldTrotterUITests */,
				7187652C1E5E3976005C4DBB /* Products */,
			);
			sourceTree = "<group>";
		};
		7187652C1E5E3976005C4DBB /* Products */ = {
			isa = PBXGroup;
			children = (
				7187652B1E5E3976005C4DBB /* WorldTrotter.app */,
				7187653F1E5E3977005C4DBB /* WorldTrotterTests.xctest */,
				7187654A1E5E3977005C4DBB /* WorldTrotterUITests.xctest */,
			);
			name = Products;
			sourceTree = "<group>";
		};
		7187652D1E5E3976005C4DBB /* WorldTrotter */ = {
			isa = PBXGroup;
			children = (
				7187652E1E5E3976005C4DBB /* AppDelegate.swift */,
				718765301E5E3976005C4DBB /* ViewController.swift */,
				718765321E5E3976005C4DBB /* Main.storyboard */,
				718765351E5E3976005C4DBB /* Assets.xcassets */,
				718765371E5E3976005C4DBB /* LaunchScreen.storyboard */,
				7187653A1E5E3976005C4DBB /* Info.plist */,
			);
			path = WorldTrotter;
			sourceTree = "<group>";
		};
		718765421E5E3977005C4DBB /* WorldTrotterTests */ = {
			isa = PBXGroup;
			children = (
				718765431E5E3977005C4DBB /* WorldTrotterTests.swift */,
				718765451E5E3977005C4DBB /* Info.plist */,
			);
			path = WorldTrotterTests;
			sourceTree = "<group>";
		};
		7187654D1E5E3977005C4DBB /* WorldTrotterUITests */ = {
			isa = PBXGroup;
			children = (
				7187654E1E5E3977005C4DBB /* WorldTrotterUITests.swift */,
				718765501E5E3977005C4DBB /* Info.plist */,
			);
			path = WorldTrotterUITests;
			sourceTree = "<group>";
		};
/* End PBXGroup section */

/* Begin PBXNativeTarget section */
		7187652A1E5E3976005C4DBB /* WorldTrotter */ = {
			isa = PBXNativeTarget;
			buildConfigurationList = 718765531E5E3977005C4DBB /* Build configuration list for PBXNativeTarget "WorldTrotter" */;
			buildPhases = (
				718765271E5E3976005C4DBB /* Sources */,
				718765281E5E3976005C4DBB /* Frameworks */,
				718765291E5E3976005C4DBB /* Resources */,
			);
			buildRules = (
			);
			dependencies = (
			);
			name = WorldTrotter;
			productName = WorldTrotter;
			productReference = 7187652B1E5E3976005C4DBB /* WorldTrotter.app */;
			productType = "com.apple.product-type.application";
		};
		7187653E1E5E3977005C4DBB /* WorldTrotterTests */ = {
			isa = PBXNativeTarget;
			buildConfigurationList = 718765561E5E3977005C4DBB /* Build configuration list for PBXNativeTarget "WorldTrotterTests" */;
			buildPhases = (
				7187653B1E5E3977005C4DBB /* Sources */,
				7187653C1E5E3977005C4DBB /* Frameworks */,
				7187653D1E5E3977005C4DBB /* Resources */,
			);
			buildRules = (
			);
			dependencies = (
				718765411E5E3977005C4DBB /* PBXTargetDependency */,
			);
			name = WorldTrotterTests;
			productName = WorldTrotterTests;
			productReference = 7187653F1E5E3977005C4DBB /* WorldTrotterTests.xctest */;
			productType = "com.apple.product-type.bundle.unit-test";
		};
		718765491E5E3977005C4DBB /* WorldTrotterUITests */ = {
			isa = PBXNativeTarget;
			buildConfigurationList = 718765591E5E3977005C4DBB /* Build configuration list for PBXNativeTarget "WorldTrotterUITests" */;
			buildPhases = (
				718765461E5E3977005C4DBB /* Sources */,
				718765471E5E3977005C4DBB /* Frameworks */,
				718765481E5E3977005C4DBB /* Resources */,
			);
			buildRules = (
			);
			dependencies = (
				7187654C1E5E3977005C4DBB /* PBXTargetDependency */,
			);
			name = WorldTrotterUITests;
			productName = WorldTrotterUITests;
			productReference = 7187654A1E5E3977005C4DBB /* WorldTrotterUITests.xctest */;
			productType = "com.apple.product-type.bundle.ui-testing";
		};
/* End PBXNativeTarget section */

/* Begin PBXProject section */
		718765231E5E3976005C4DBB /* Project object */ = {
			isa = PBXProject;
			attributes = {
				LastSwiftUpdateCheck = 0820;
				LastUpgradeCheck = 0820;
				ORGANIZATIONNAME = "Erik Waterham";
				TargetAttributes = {
					7187652A1E5E3976005C4DBB = {
						CreatedOnToolsVersion = 8.2.1;
						DevelopmentTeam = HZWL927386;
						ProvisioningStyle = Automatic;
					};
					7187653E1E5E3977005C4DBB = {
						CreatedOnToolsVersion = 8.2.1;
						ProvisioningStyle = Automatic;
						TestTargetID = 7187652A1E5E3976005C4DBB;
					};
					718765491E5E3977005C4DBB = {
						CreatedOnToolsVersion = 8.2.1;
						ProvisioningStyle = Automatic;
						TestTargetID = 7187652A1E5E3976005C4DBB;
					};
				};
			};
			buildConfigurationList = 718765261E5E3976005C4DBB /* Build configuration list for PBXProject "WorldTrotter" */;
			compatibilityVersion = "Xcode 3.2";
			developmentRegion = English;
			hasScannedForEncodings = 0;
			knownRegions = (
				en,
				Base,
			);
			mainGroup = 718765221E5E3976005C4DBB;
			productRefGroup = 7187652C1E5E3976005C4DBB /* Products */;
			projectDirPath = "";
			projectRoot = "";
			targets = (
				7187652A1E5E3976005C4DBB /* WorldTrotter */,
				7187653E1E5E3977005C4DBB /* WorldTrotterTests */,
				718765491E5E3977005C4DBB /* WorldTrotterUITests */,
			);
		};
/* End PBXProject section */

/* Begin PBXResourcesBuildPhase section */
		718765291E5E3976005C4DBB /* Resources */ = {
			isa = PBXResourcesBuildPhase;
			buildActionMask = 2147483647;
			files = (
				718765391E5E3976005C4DBB /* LaunchScreen.storyboard in Resources */,
				718765361E5E3976005C4DBB /* Assets.xcassets in Resources */,
				718765341E5E3976005C4DBB /* Main.storyboard in Resources */,
			);
			runOnlyForDeploymentPostprocessing = 0;
		};
		7187653D1E5E3977005C4DBB /* Resources */ = {
			isa = PBXResourcesBuildPhase;
			buildActionMask = 2147483647;
			files = (
			);
			runOnlyForDeploymentPostprocessing = 0;
		};
		718765481E5E3977005C4DBB /* Resources */ = {
			isa = PBXResourcesBuildPhase;
			buildActionMask = 2147483647;
			files = (
			);
			runOnlyForDeploymentPostprocessing = 0;
		};
/* End PBXResourcesBuildPhase section */

/* Begin PBXSourcesBuildPhase section */
		718765271E5E3976005C4DBB /* Sources */ = {
			isa = PBXSourcesBuildPhase;
			buildActionMask = 2147483647;
			files = (
				718765311E5E3976005C4DBB /* ViewController.swift in Sources */,
				7187652F1E5E3976005C4DBB /* AppDelegate.swift in Sources */,
			);
			runOnlyForDeploymentPostprocessing = 0;
		};
		7187653B1E5E3977005C4DBB /* Sources */ = {
			isa = PBXSourcesBuildPhase;
			buildActionMask = 2147483647;
			files = (
				718765441E5E3977005C4DBB /* WorldTrotterTests.swift in Sources */,
			);
			runOnlyForDeploymentPostprocessing = 0;
		};
		718765461E5E3977005C4DBB /* Sources */ = {
			isa = PBXSourcesBuildPhase;
			buildActionMask = 2147483647;
			files = (
				7187654F1E5E3977005C4DBB /* WorldTrotterUITests.swift in Sources */,
			);
			runOnlyForDeploymentPostprocessing = 0;
		};
/* End PBXSourcesBuildPhase section */

/* Begin PBXTargetDependency section */
		718765411E5E3977005C4DBB /* PBXTargetDependency */ = {
			isa = PBXTargetDependency;
			target = 7187652A1E5E3976005C4DBB /* WorldTrotter */;
			targetProxy = 718765401E5E3977005C4DBB /* PBXContainerItemProxy */;
		};
		7187654C1E5E3977005C4DBB /* PBXTargetDependency */ = {
			isa = PBXTargetDependency;
			target = 7187652A1E5E3976005C4DBB /* WorldTrotter */;
			targetProxy = 7187654B1E5E3977005C4DBB /* PBXContainerItemProxy */;
		};
/* End PBXTargetDependency section */

/* Begin PBXVariantGroup section */
		718765321E5E3976005C4DBB /* Main.storyboard */ = {
			isa = PBXVariantGroup;
			children = (
				718765331E5E3976005C4DBB /* Base */,
			);
			name = Main.storyboard;
			sourceTree = "<group>";
		};
		718765371E5E3976005C4DBB /* LaunchScreen.storyboard */ = {
			isa = PBXVariantGroup;
			children = (
				718765381E5E3976005C4DBB /* Base */,
			);
			name = LaunchScreen.storyboard;
			sourceTree = "<group>";
		};
/* End PBXVariantGroup section */

/* Begin XCBuildConfiguration section */
		718765511E5E3977005C4DBB /* Debug */ = {
			isa = XCBuildConfiguration;
			buildSettings = {
				ALWAYS_SEARCH_USER_PATHS = NO;
				CLANG_ANALYZER_NONNULL = YES;
				CLANG_CXX_LANGUAGE_STANDARD = "gnu++0x";
				CLANG_CXX_LIBRARY = "libc++";
				CLANG_ENABLE_MODULES = YES;
				CLANG_ENABLE_OBJC_ARC = YES;
				CLANG_WARN_BOOL_CONVERSION = YES;
				CLANG_WARN_CONSTANT_CONVERSION = YES;
				CLANG_WARN_DIRECT_OBJC_ISA_USAGE = YES_ERROR;
				CLANG_WARN_DOCUMENTATION_COMMENTS = YES;
				CLANG_WARN_EMPTY_BODY = YES;
				CLANG_WARN_ENUM_CONVERSION = YES;
				CLANG_WARN_INFINITE_RECURSION = YES;
				CLANG_WARN_INT_CONVERSION = YES;
				CLANG_WARN_OBJC_ROOT_CLASS = YES_ERROR;
				CLANG_WARN_SUSPICIOUS_MOVE = YES;
				CLANG_WARN_UNREACHABLE_CODE = YES;
				CLANG_WARN__DUPLICATE_METHOD_MATCH = YES;
				"CODE_SIGN_IDENTITY[sdk=iphoneos*]" = "iPhone Developer";
				COPY_PHASE_STRIP = NO;
				DEBUG_INFORMATION_FORMAT = dwarf;
				ENABLE_STRICT_OBJC_MSGSEND = YES;
				ENABLE_TESTABILITY = YES;
				GCC_C_LANGUAGE_STANDARD = gnu99;
				GCC_DYNAMIC_NO_PIC = NO;
				GCC_NO_COMMON_BLOCKS = YES;
				GCC_OPTIMIZATION_LEVEL = 0;
				GCC_PREPROCESSOR_DEFINITIONS = (
					"DEBUG=1",
					"$(inherited)",
				);
				GCC_WARN_64_TO_32_BIT_CONVERSION = YES;
				GCC_WARN_ABOUT_RETURN_TYPE = YES_ERROR;
				GCC_WARN_UNDECLARED_SELECTOR = YES;
				GCC_WARN_UNINITIALIZED_AUTOS = YES_AGGRESSIVE;
				GCC_WARN_UNUSED_FUNCTION = YES;
				GCC_WARN_UNUSED_VARIABLE = YES;
				IPHONEOS_DEPLOYMENT_TARGET = 10.2;
				MTL_ENABLE_DEBUG_INFO = YES;
				ONLY_ACTIVE_ARCH = YES;
				SDKROOT = iphoneos;
				SWIFT_ACTIVE_COMPILATION_CONDITIONS = DEBUG;
				SWIFT_OPTIMIZATION_LEVEL = "-Onone";
				TARGETED_DEVICE_FAMILY = "1,2";
			};
			name = Debug;
		};
		718765521E5E3977005C4DBB /* Release */ = {
			isa = XCBuildConfiguration;
			buildSettings = {
				ALWAYS_SEARCH_USER_PATHS = NO;
				CLANG_ANALYZER_NONNULL = YES;
				CLANG_CXX_LANGUAGE_STANDARD = "gnu++0x";
				CLANG_CXX_LIBRARY = "libc++";
				CLANG_ENABLE_MODULES = YES;
				CLANG_ENABLE_OBJC_ARC = YES;
				CLANG_WARN_BOOL_CONVERSION = YES;
				CLANG_WARN_CONSTANT_CONVERSION = YES;
				CLANG_WARN_DIRECT_OBJC_ISA_USAGE = YES_ERROR;
				CLANG_WARN_DOCUMENTATION_COMMENTS = YES;
				CLANG_WARN_EMPTY_BODY = YES;
				CLANG_WARN_ENUM_CONVERSION = YES;
				CLANG_WARN_INFINITE_RECURSION = YES;
				CLANG_WARN_INT_CONVERSION = YES;
				CLANG_WARN_OBJC_ROOT_CLASS = YES_ERROR;
				CLANG_WARN_SUSPICIOUS_MOVE = YES;
				CLANG_WARN_UNREACHABLE_CODE = YES;
				CLANG_WARN__DUPLICATE_METHOD_MATCH = YES;
				"CODE_SIGN_IDENTITY[sdk=iphoneos*]" = "iPhone Developer";
				COPY_PHASE_STRIP = NO;
				DEBUG_INFORMATION_FORMAT = "dwarf-with-dsym";
				ENABLE_NS_ASSERTIONS = NO;
				ENABLE_STRICT_OBJC_MSGSEND = YES;
				GCC_C_LANGUAGE_STANDARD = gnu99;
				GCC_NO_COMMON_BLOCKS = YES;
				GCC_WARN_64_TO_32_BIT_CONVERSION = YES;
				GCC_WARN_ABOUT_RETURN_TYPE = YES_ERROR;
				GCC_WARN_UNDECLARED_SELECTOR = YES;
				GCC_WARN_UNINITIALIZED_AUTOS = YES_AGGRESSIVE;
				GCC_WARN_UNUSED_FUNCTION = YES;
				GCC_WARN_UNUSED_VARIABLE = YES;
				IPHONEOS_DEPLOYMENT_TARGET = 10.2;
				MTL_ENABLE_DEBUG_INFO = NO;
				SDKROOT = iphoneos;
				SWIFT_OPTIMIZATION_LEVEL = "-Owholemodule";
				TARGETED_DEVICE_FAMILY = "1,2";
				VALIDATE_PRODUCT = YES;
			};
			name = Release;
		};
		718765541E5E3977005C4DBB /* Debug */ = {
			isa = XCBuildConfiguration;
			buildSettings = {
				ASSETCATALOG_COMPILER_APPICON_NAME = AppIcon;
				DEVELOPMENT_TEAM = HZWL927386;
				INFOPLIST_FILE = WorldTrotter/Info.plist;
				LD_RUNPATH_SEARCH_PATHS = "$(inherited) @executable_path/Frameworks";
				PRODUCT_BUNDLE_IDENTIFIER = com.erikwaterham.WorldTrotter;
				PRODUCT_NAME = "$(TARGET_NAME)";
				SWIFT_VERSION = 3.0;
			};
			name = Debug;
		};
		718765551E5E3977005C4DBB /* Release */ = {
			isa = XCBuildConfiguration;
			buildSettings = {
				ASSETCATALOG_COMPILER_APPICON_NAME = AppIcon;
				DEVELOPMENT_TEAM = HZWL927386;
				INFOPLIST_FILE = WorldTrotter/Info.plist;
				LD_RUNPATH_SEARCH_PATHS = "$(inherited) @executable_path/Frameworks";
				PRODUCT_BUNDLE_IDENTIFIER = com.erikwaterham.WorldTrotter;
				PRODUCT_NAME = "$(TARGET_NAME)";
				SWIFT_VERSION = 3.0;
			};
			name = Release;
		};
		718765571E5E3977005C4DBB /* Debug */ = {
			isa = XCBuildConfiguration;
			buildSettings = {
				ALWAYS_EMBED_SWIFT_STANDARD_LIBRARIES = YES;
				BUNDLE_LOADER = "$(TEST_HOST)";
				INFOPLIST_FILE = WorldTrotterTests/Info.plist;
				LD_RUNPATH_SEARCH_PATHS = "$(inherited) @executable_path/Frameworks @loader_path/Frameworks";
				PRODUCT_BUNDLE_IDENTIFIER = com.erikwaterham.WorldTrotterTests;
				PRODUCT_NAME = "$(TARGET_NAME)";
				SWIFT_VERSION = 3.0;
				TEST_HOST = "$(BUILT_PRODUCTS_DIR)/WorldTrotter.app/WorldTrotter";
			};
			name = Debug;
		};
		718765581E5E3977005C4DBB /* Release */ = {
			isa = XCBuildConfiguration;
			buildSettings = {
				ALWAYS_EMBED_SWIFT_STANDARD_LIBRARIES = YES;
				BUNDLE_LOADER = "$(TEST_HOST)";
				INFOPLIST_FILE = WorldTrotterTests/Info.plist;
				LD_RUNPATH_SEARCH_PATHS = "$(inherited) @executable_path/Frameworks @loader_path/Frameworks";
				PRODUCT_BUNDLE_IDENTIFIER = com.erikwaterham.WorldTrotterTests;
				PRODUCT_NAME = "$(TARGET_NAME)";
				SWIFT_VERSION = 3.0;
				TEST_HOST = "$(BUILT_PRODUCTS_DIR)/WorldTrotter.app/WorldTrotter";
			};
			name = Release;
		};
		7187655A1E5E3977005C4DBB /* Debug */ = {
			isa = XCBuildConfiguration;
			buildSettings = {
				ALWAYS_EMBED_SWIFT_STANDARD_LIBRARIES = YES;
				INFOPLIST_FILE = WorldTrotterUITests/Info.plist;
				LD_RUNPATH_SEARCH_PATHS = "$(inherited) @executable_path/Frameworks @loader_path/Frameworks";
				PRODUCT_BUNDLE_IDENTIFIER = com.erikwaterham.WorldTrotterUITests;
				PRODUCT_NAME = "$(TARGET_NAME)";
				SWIFT_VERSION = 3.0;
				TEST_TARGET_NAME = WorldTrotter;
			};
			name = Debug;
		};
		7187655B1E5E3977005C4DBB /* Release */ = {
			isa = XCBuildConfiguration;
			buildSettings = {
				ALWAYS_EMBED_SWIFT_STANDARD_LIBRARIES = YES;
				INFOPLIST_FILE = WorldTrotterUITests/Info.plist;
				LD_RUNPATH_SEARCH_PATHS = "$(inherited) @executable_path/Frameworks @loader_path/Frameworks";
				PRODUCT_BUNDLE_IDENTIFIER = com.erikwaterham.WorldTrotterUITests;
				PRODUCT_NAME = "$(TARGET_NAME)";
				SWIFT_VERSION = 3.0;
				TEST_TARGET_NAME = WorldTrotter;
			};
			name = Release;
		};
/* End XCBuildConfiguration section */

/* Begin XCConfigurationList section */
		718765261E5E3976005C4DBB /* Build configuration list for PBXProject "WorldTrotter" */ = {
			isa = XCConfigurationList;
			buildConfigurations = (
				718765511E5E3977005C4DBB /* Debug */,
				718765521E5E3977005C4DBB /* Release */,
			);
			defaultConfigurationIsVisible = 0;
			defaultConfigurationName = Release;
		};
		718765531E5E3977005C4DBB /* Build configuration list for PBXNativeTarget "WorldTrotter" */ = {
			isa = XCConfigurationList;
			buildConfigurations = (
				718765541E5E3977005C4DBB /* Debug */,
				718765551E5E3977005C4DBB /* Release */,
			);
			defaultConfigurationIsVisible = 0;
		};
		718765561E5E3977005C4DBB /* Build configuration list for PBXNativeTarget "WorldTrotterTests" */ = {
			isa = XCConfigurationList;
			buildConfigurations = (
				718765571E5E3977005C4DBB /* Debug */,
				718765581E5E3977005C4DBB /* Release */,
			);
			defaultConfigurationIsVisible = 0;
		};
		718765591E5E3977005C4DBB /* Build configuration list for PBXNativeTarget "WorldTrotterUITests" */ = {
			isa = XCConfigurationList;
			buildConfigurations = (
				7187655A1E5E3977005C4DBB /* Debug */,
				7187655B1E5E3977005C4DBB /* Release */,
			);
			defaultConfigurationIsVisible = 0;
		};
/* End XCConfigurationList section */
	};
	rootObject = 718765231E5E3976005C4DBB /* Project object */;
}
