// !$*UTF8*$!
{
	archiveVersion = 1;
	classes = {
	};
	objectVersion = 46;
	objects = {

/* Begin PBXBuildFile section */
		716B80961E55EB7100C1D0C5 /* AppDelegate.swift in Sources */ = {isa = PBXBuildFile; fileRef = 716B80951E55EB7100C1D0C5 /* AppDelegate.swift */; };
		716B80981E55EB7100C1D0C5 /* ViewController.swift in Sources */ = {isa = PBXBuildFile; fileRef = 716B80971E55EB7100C1D0C5 /* ViewController.swift */; };
		716B809B1E55EB7100C1D0C5 /* Main.storyboard in Resources */ = {isa = PBXBuildFile; fileRef = 716B80991E55EB7100C1D0C5 /* Main.storyboard */; };
		716B809D1E55EB7100C1D0C5 /* Assets.xcassets in Resources */ = {isa = PBXBuildFile; fileRef = 716B809C1E55EB7100C1D0C5 /* Assets.xcassets */; };
		716B80A01E55EB7100C1D0C5 /* LaunchScreen.storyboard in Resources */ = {isa = PBXBuildFile; fileRef = 716B809E1E55EB7100C1D0C5 /* LaunchScreen.storyboard */; };
		716B80AB1E55EB7100C1D0C5 /* QuizTests.swift in Sources */ = {isa = PBXBuildFile; fileRef = 716B80AA1E55EB7100C1D0C5 /* QuizTests.swift */; };
		716B80B61E55EB7100C1D0C5 /* QuizUITests.swift in Sources */ = {isa = PBXBuildFile; fileRef = 716B80B51E55EB7100C1D0C5 /* QuizUITests.swift */; };
/* End PBXBuildFile section */

/* Begin PBXContainerItemProxy section */
		716B80A71E55EB7100C1D0C5 /* PBXContainerItemProxy */ = {
			isa = PBXContainerItemProxy;
			containerPortal = 716B808A1E55EB7000C1D0C5 /* Project object */;
			proxyType = 1;
			remoteGlobalIDString = 716B80911E55EB7100C1D0C5;
			remoteInfo = Quiz;
		};
		716B80B21E55EB7100C1D0C5 /* PBXContainerItemProxy */ = {
			isa = PBXContainerItemProxy;
			containerPortal = 716B808A1E55EB7000C1D0C5 /* Project object */;
			proxyType = 1;
			remoteGlobalIDString = 716B80911E55EB7100C1D0C5;
			remoteInfo = Quiz;
		};
/* End PBXContainerItemProxy section */

/* Begin PBXFileReference section */
		716B80921E55EB7100C1D0C5 /* Quiz.app */ = {isa = PBXFileReference; explicitFileType = wrapper.application; includeInIndex = 0; path = Quiz.app; sourceTree = BUILT_PRODUCTS_DIR; };
		716B80951E55EB7100C1D0C5 /* AppDelegate.swift */ = {isa = PBXFileReference; lastKnownFileType = sourcecode.swift; path = AppDelegate.swift; sourceTree = "<group>"; };
		716B80971E55EB7100C1D0C5 /* ViewController.swift */ = {isa = PBXFileReference; lastKnownFileType = sourcecode.swift; path = ViewController.swift; sourceTree = "<group>"; };
		716B809A1E55EB7100C1D0C5 /* Base */ = {isa = PBXFileReference; lastKnownFileType = file.storyboard; name = Base; path = Base.lproj/Main.storyboard; sourceTree = "<group>"; };
		716B809C1E55EB7100C1D0C5 /* Assets.xcassets */ = {isa = PBXFileReference; lastKnownFileType = folder.assetcatalog; path = Assets.xcassets; sourceTree = "<group>"; };
		716B809F1E55EB7100C1D0C5 /* Base */ = {isa = PBXFileReference; lastKnownFileType = file.storyboard; name = Base; path = Base.lproj/LaunchScreen.storyboard; sourceTree = "<group>"; };
		716B80A11E55EB7100C1D0C5 /* Info.plist */ = {isa = PBXFileReference; lastKnownFileType = text.plist.xml; path = Info.plist; sourceTree = "<group>"; };
		716B80A61E55EB7100C1D0C5 /* QuizTests.xctest */ = {isa = PBXFileReference; explicitFileType = wrapper.cfbundle; includeInIndex = 0; path = QuizTests.xctest; sourceTree = BUILT_PRODUCTS_DIR; };
		716B80AA1E55EB7100C1D0C5 /* QuizTests.swift */ = {isa = PBXFileReference; lastKnownFileType = sourcecode.swift; path = QuizTests.swift; sourceTree = "<group>"; };
		716B80AC1E55EB7100C1D0C5 /* Info.plist */ = {isa = PBXFileReference; lastKnownFileType = text.plist.xml; path = Info.plist; sourceTree = "<group>"; };
		716B80B11E55EB7100C1D0C5 /* QuizUITests.xctest */ = {isa = PBXFileReference; explicitFileType = wrapper.cfbundle; includeInIndex = 0; path = QuizUITests.xctest; sourceTree = BUILT_PRODUCTS_DIR; };
		716B80B51E55EB7100C1D0C5 /* QuizUITests.swift */ = {isa = PBXFileReference; lastKnownFileType = sourcecode.swift; path = QuizUITests.swift; sourceTree = "<group>"; };
		716B80B71E55EB7100C1D0C5 /* Info.plist */ = {isa = PBXFileReference; lastKnownFileType = text.plist.xml; path = Info.plist; sourceTree = "<group>"; };
/* End PBXFileReference section */

/* Begin PBXFrameworksBuildPhase section */
		716B808F1E55EB7100C1D0C5 /* Frameworks */ = {
			isa = PBXFrameworksBuildPhase;
			buildActionMask = 2147483647;
			files = (
			);
			runOnlyForDeploymentPostprocessing = 0;
		};
		716B80A31E55EB7100C1D0C5 /* Frameworks */ = {
			isa = PBXFrameworksBuildPhase;
			buildActionMask = 2147483647;
			files = (
			);
			runOnlyForDeploymentPostprocessing = 0;
		};
		716B80AE1E55EB7100C1D0C5 /* Frameworks */ = {
			isa = PBXFrameworksBuildPhase;
			buildActionMask = 2147483647;
			files = (
			);
			runOnlyForDeploymentPostprocessing = 0;
		};
/* End PBXFrameworksBuildPhase section */

/* Begin PBXGroup section */
		716B80891E55EB7000C1D0C5 = {
			isa = PBXGroup;
			children = (
				716B80941E55EB7100C1D0C5 /* Quiz */,
				716B80A91E55EB7100C1D0C5 /* QuizTests */,
				716B80B41E55EB7100C1D0C5 /* QuizUITests */,
				716B80931E55EB7100C1D0C5 /* Products */,
			);
			sourceTree = "<group>";
		};
		716B80931E55EB7100C1D0C5 /* Products */ = {
			isa = PBXGroup;
			children = (
				716B80921E55EB7100C1D0C5 /* Quiz.app */,
				716B80A61E55EB7100C1D0C5 /* QuizTests.xctest */,
				716B80B11E55EB7100C1D0C5 /* QuizUITests.xctest */,
			);
			name = Products;
			sourceTree = "<group>";
		};
		716B80941E55EB7100C1D0C5 /* Quiz */ = {
			isa = PBXGroup;
			children = (
				716B80951E55EB7100C1D0C5 /* AppDelegate.swift */,
				716B80971E55EB7100C1D0C5 /* ViewController.swift */,
				716B80991E55EB7100C1D0C5 /* Main.storyboard */,
				716B809C1E55EB7100C1D0C5 /* Assets.xcassets */,
				716B809E1E55EB7100C1D0C5 /* LaunchScreen.storyboard */,
				716B80A11E55EB7100C1D0C5 /* Info.plist */,
			);
			path = Quiz;
			sourceTree = "<group>";
		};
		716B80A91E55EB7100C1D0C5 /* QuizTests */ = {
			isa = PBXGroup;
			children = (
				716B80AA1E55EB7100C1D0C5 /* QuizTests.swift */,
				716B80AC1E55EB7100C1D0C5 /* Info.plist */,
			);
			path = QuizTests;
			sourceTree = "<group>";
		};
		716B80B41E55EB7100C1D0C5 /* QuizUITests */ = {
			isa = PBXGroup;
			children = (
				716B80B51E55EB7100C1D0C5 /* QuizUITests.swift */,
				716B80B71E55EB7100C1D0C5 /* Info.plist */,
			);
			path = QuizUITests;
			sourceTree = "<group>";
		};
/* End PBXGroup section */

/* Begin PBXNativeTarget section */
		716B80911E55EB7100C1D0C5 /* Quiz */ = {
			isa = PBXNativeTarget;
			buildConfigurationList = 716B80BA1E55EB7100C1D0C5 /* Build configuration list for PBXNativeTarget "Quiz" */;
			buildPhases = (
				716B808E1E55EB7100C1D0C5 /* Sources */,
				716B808F1E55EB7100C1D0C5 /* Frameworks */,
				716B80901E55EB7100C1D0C5 /* Resources */,
			);
			buildRules = (
			);
			dependencies = (
			);
			name = Quiz;
			productName = Quiz;
			productReference = 716B80921E55EB7100C1D0C5 /* Quiz.app */;
			productType = "com.apple.product-type.application";
		};
		716B80A51E55EB7100C1D0C5 /* QuizTests */ = {
			isa = PBXNativeTarget;
			buildConfigurationList = 716B80BD1E55EB7100C1D0C5 /* Build configuration list for PBXNativeTarget "QuizTests" */;
			buildPhases = (
				716B80A21E55EB7100C1D0C5 /* Sources */,
				716B80A31E55EB7100C1D0C5 /* Frameworks */,
				716B80A41E55EB7100C1D0C5 /* Resources */,
			);
			buildRules = (
			);
			dependencies = (
				716B80A81E55EB7100C1D0C5 /* PBXTargetDependency */,
			);
			name = QuizTests;
			productName = QuizTests;
			productReference = 716B80A61E55EB7100C1D0C5 /* QuizTests.xctest */;
			productType = "com.apple.product-type.bundle.unit-test";
		};
		716B80B01E55EB7100C1D0C5 /* QuizUITests */ = {
			isa = PBXNativeTarget;
			buildConfigurationList = 716B80C01E55EB7100C1D0C5 /* Build configuration list for PBXNativeTarget "QuizUITests" */;
			buildPhases = (
				716B80AD1E55EB7100C1D0C5 /* Sources */,
				716B80AE1E55EB7100C1D0C5 /* Frameworks */,
				716B80AF1E55EB7100C1D0C5 /* Resources */,
			);
			buildRules = (
			);
			dependencies = (
				716B80B31E55EB7100C1D0C5 /* PBXTargetDependency */,
			);
			name = QuizUITests;
			productName = QuizUITests;
			productReference = 716B80B11E55EB7100C1D0C5 /* QuizUITests.xctest */;
			productType = "com.apple.product-type.bundle.ui-testing";
		};
/* End PBXNativeTarget section */

/* Begin PBXProject section */
		716B808A1E55EB7000C1D0C5 /* Project object */ = {
			isa = PBXProject;
			attributes = {
				LastSwiftUpdateCheck = 0820;
				LastUpgradeCheck = 0820;
				ORGANIZATIONNAME = "Big Nerd Ranch";
				TargetAttributes = {
					716B80911E55EB7100C1D0C5 = {
						CreatedOnToolsVersion = 8.2.1;
						DevelopmentTeam = HZWL927386;
						ProvisioningStyle = Automatic;
					};
					716B80A51E55EB7100C1D0C5 = {
						CreatedOnToolsVersion = 8.2.1;
						ProvisioningStyle = Automatic;
						TestTargetID = 716B80911E55EB7100C1D0C5;
					};
					716B80B01E55EB7100C1D0C5 = {
						CreatedOnToolsVersion = 8.2.1;
						ProvisioningStyle = Automatic;
						TestTargetID = 716B80911E55EB7100C1D0C5;
					};
				};
			};
			buildConfigurationList = 716B808D1E55EB7000C1D0C5 /* Build configuration list for PBXProject "Quiz" */;
			compatibilityVersion = "Xcode 3.2";
			developmentRegion = English;
			hasScannedForEncodings = 0;
			knownRegions = (
				en,
				Base,
			);
			mainGroup = 716B80891E55EB7000C1D0C5;
			productRefGroup = 716B80931E55EB7100C1D0C5 /* Products */;
			projectDirPath = "";
			projectRoot = "";
			targets = (
				716B80911E55EB7100C1D0C5 /* Quiz */,
				716B80A51E55EB7100C1D0C5 /* QuizTests */,
				716B80B01E55EB7100C1D0C5 /* QuizUITests */,
			);
		};
/* End PBXProject section */

/* Begin PBXResourcesBuildPhase section */
		716B80901E55EB7100C1D0C5 /* Resources */ = {
			isa = PBXResourcesBuildPhase;
			buildActionMask = 2147483647;
			files = (
				716B80A01E55EB7100C1D0C5 /* LaunchScreen.storyboard in Resources */,
				716B809D1E55EB7100C1D0C5 /* Assets.xcassets in Resources */,
				716B809B1E55EB7100C1D0C5 /* Main.storyboard in Resources */,
			);
			runOnlyForDeploymentPostprocessing = 0;
		};
		716B80A41E55EB7100C1D0C5 /* Resources */ = {
			isa = PBXResourcesBuildPhase;
			buildActionMask = 2147483647;
			files = (
			);
			runOnlyForDeploymentPostprocessing = 0;
		};
		716B80AF1E55EB7100C1D0C5 /* Resources */ = {
			isa = PBXResourcesBuildPhase;
			buildActionMask = 2147483647;
			files = (
			);
			runOnlyForDeploymentPostprocessing = 0;
		};
/* End PBXResourcesBuildPhase section */

/* Begin PBXSourcesBuildPhase section */
		716B808E1E55EB7100C1D0C5 /* Sources */ = {
			isa = PBXSourcesBuildPhase;
			buildActionMask = 2147483647;
			files = (
				716B80981E55EB7100C1D0C5 /* ViewController.swift in Sources */,
				716B80961E55EB7100C1D0C5 /* AppDelegate.swift in Sources */,
			);
			runOnlyForDeploymentPostprocessing = 0;
		};
		716B80A21E55EB7100C1D0C5 /* Sources */ = {
			isa = PBXSourcesBuildPhase;
			buildActionMask = 2147483647;
			files = (
				716B80AB1E55EB7100C1D0C5 /* QuizTests.swift in Sources */,
			);
			runOnlyForDeploymentPostprocessing = 0;
		};
		716B80AD1E55EB7100C1D0C5 /* Sources */ = {
			isa = PBXSourcesBuildPhase;
			buildActionMask = 2147483647;
			files = (
				716B80B61E55EB7100C1D0C5 /* QuizUITests.swift in Sources */,
			);
			runOnlyForDeploymentPostprocessing = 0;
		};
/* End PBXSourcesBuildPhase section */

/* Begin PBXTargetDependency section */
		716B80A81E55EB7100C1D0C5 /* PBXTargetDependency */ = {
			isa = PBXTargetDependency;
			target = 716B80911E55EB7100C1D0C5 /* Quiz */;
			targetProxy = 716B80A71E55EB7100C1D0C5 /* PBXContainerItemProxy */;
		};
		716B80B31E55EB7100C1D0C5 /* PBXTargetDependency */ = {
			isa = PBXTargetDependency;
			target = 716B80911E55EB7100C1D0C5 /* Quiz */;
			targetProxy = 716B80B21E55EB7100C1D0C5 /* PBXContainerItemProxy */;
		};
/* End PBXTargetDependency section */

/* Begin PBXVariantGroup section */
		716B80991E55EB7100C1D0C5 /* Main.storyboard */ = {
			isa = PBXVariantGroup;
			children = (
				716B809A1E55EB7100C1D0C5 /* Base */,
			);
			name = Main.storyboard;
			sourceTree = "<group>";
		};
		716B809E1E55EB7100C1D0C5 /* LaunchScreen.storyboard */ = {
			isa = PBXVariantGroup;
			children = (
				716B809F1E55EB7100C1D0C5 /* Base */,
			);
			name = LaunchScreen.storyboard;
			sourceTree = "<group>";
		};
/* End PBXVariantGroup section */

/* Begin XCBuildConfiguration section */
		716B80B81E55EB7100C1D0C5 /* Debug */ = {
			isa = XCBuildConfiguration;
			buildSettings = {
				ALWAYS_SEARCH_USER_PATHS = NO;
				CLANG_ANALYZER_NONNULL = YES;
				CLANG_CXX_LANGUAGE_STANDARD = "gnu++0x";
				CLANG_CXX_LIBRARY = "libc++";
				CLANG_ENABLE_MODULES = YES;
				CLANG_ENABLE_OBJC_ARC = YES;
				CLANG_WARN_BOOL_CONVERSION = YES;
				CLANG_WARN_CONSTANT_CONVERSION = YES;
				CLANG_WARN_DIRECT_OBJC_ISA_USAGE = YES_ERROR;
				CLANG_WARN_DOCUMENTATION_COMMENTS = YES;
				CLANG_WARN_EMPTY_BODY = YES;
				CLANG_WARN_ENUM_CONVERSION = YES;
				CLANG_WARN_INFINITE_RECURSION = YES;
				CLANG_WARN_INT_CONVERSION = YES;
				CLANG_WARN_OBJC_ROOT_CLASS = YES_ERROR;
				CLANG_WARN_SUSPICIOUS_MOVE = YES;
				CLANG_WARN_UNREACHABLE_CODE = YES;
				CLANG_WARN__DUPLICATE_METHOD_MATCH = YES;
				"CODE_SIGN_IDENTITY[sdk=iphoneos*]" = "iPhone Developer";
				COPY_PHASE_STRIP = NO;
				DEBUG_INFORMATION_FORMAT = dwarf;
				ENABLE_STRICT_OBJC_MSGSEND = YES;
				ENABLE_TESTABILITY = YES;
				GCC_C_LANGUAGE_STANDARD = gnu99;
				GCC_DYNAMIC_NO_PIC = NO;
				GCC_NO_COMMON_BLOCKS = YES;
				GCC_OPTIMIZATION_LEVEL = 0;
				GCC_PREPROCESSOR_DEFINITIONS = (
					"DEBUG=1",
					"$(inherited)",
				);
				GCC_WARN_64_TO_32_BIT_CONVERSION = YES;
				GCC_WARN_ABOUT_RETURN_TYPE = YES_ERROR;
				GCC_WARN_UNDECLARED_SELECTOR = YES;
				GCC_WARN_UNINITIALIZED_AUTOS = YES_AGGRESSIVE;
				GCC_WARN_UNUSED_FUNCTION = YES;
				GCC_WARN_UNUSED_VARIABLE = YES;
				IPHONEOS_DEPLOYMENT_TARGET = 10.2;
				MTL_ENABLE_DEBUG_INFO = YES;
				ONLY_ACTIVE_ARCH = YES;
				SDKROOT = iphoneos;
				SWIFT_ACTIVE_COMPILATION_CONDITIONS = DEBUG;
				SWIFT_OPTIMIZATION_LEVEL = "-Onone";
				TARGETED_DEVICE_FAMILY = "1,2";
			};
			name = Debug;
		};
		716B80B91E55EB7100C1D0C5 /* Release */ = {
			isa = XCBuildConfiguration;
			buildSettings = {
				ALWAYS_SEARCH_USER_PATHS = NO;
				CLANG_ANALYZER_NONNULL = YES;
				CLANG_CXX_LANGUAGE_STANDARD = "gnu++0x";
				CLANG_CXX_LIBRARY = "libc++";
				CLANG_ENABLE_MODULES = YES;
				CLANG_ENABLE_OBJC_ARC = YES;
				CLANG_WARN_BOOL_CONVERSION = YES;
				CLANG_WARN_CONSTANT_CONVERSION = YES;
				CLANG_WARN_DIRECT_OBJC_ISA_USAGE = YES_ERROR;
				CLANG_WARN_DOCUMENTATION_COMMENTS = YES;
				CLANG_WARN_EMPTY_BODY = YES;
				CLANG_WARN_ENUM_CONVERSION = YES;
				CLANG_WARN_INFINITE_RECURSION = YES;
				CLANG_WARN_INT_CONVERSION = YES;
				CLANG_WARN_OBJC_ROOT_CLASS = YES_ERROR;
				CLANG_WARN_SUSPICIOUS_MOVE = YES;
				CLANG_WARN_UNREACHABLE_CODE = YES;
				CLANG_WARN__DUPLICATE_METHOD_MATCH = YES;
				"CODE_SIGN_IDENTITY[sdk=iphoneos*]" = "iPhone Developer";
				COPY_PHASE_STRIP = NO;
				DEBUG_INFORMATION_FORMAT = "dwarf-with-dsym";
				ENABLE_NS_ASSERTIONS = NO;
				ENABLE_STRICT_OBJC_MSGSEND = YES;
				GCC_C_LANGUAGE_STANDARD = gnu99;
				GCC_NO_COMMON_BLOCKS = YES;
				GCC_WARN_64_TO_32_BIT_CONVERSION = YES;
				GCC_WARN_ABOUT_RETURN_TYPE = YES_ERROR;
				GCC_WARN_UNDECLARED_SELECTOR = YES;
				GCC_WARN_UNINITIALIZED_AUTOS = YES_AGGRESSIVE;
				GCC_WARN_UNUSED_FUNCTION = YES;
				GCC_WARN_UNUSED_VARIABLE = YES;
				IPHONEOS_DEPLOYMENT_TARGET = 10.2;
				MTL_ENABLE_DEBUG_INFO = NO;
				SDKROOT = iphoneos;
				SWIFT_OPTIMIZATION_LEVEL = "-Owholemodule";
				TARGETED_DEVICE_FAMILY = "1,2";
				VALIDATE_PRODUCT = YES;
			};
			name = Release;
		};
		716B80BB1E55EB7100C1D0C5 /* Debug */ = {
			isa = XCBuildConfiguration;
			buildSettings = {
				ASSETCATALOG_COMPILER_APPICON_NAME = AppIcon;
				DEVELOPMENT_TEAM = HZWL927386;
				INFOPLIST_FILE = Quiz/Info.plist;
				LD_RUNPATH_SEARCH_PATHS = "$(inherited) @executable_path/Frameworks";
				PRODUCT_BUNDLE_IDENTIFIER = com.bignerdranch.Quiz;
				PRODUCT_NAME = "$(TARGET_NAME)";
				SWIFT_VERSION = 3.0;
			};
			name = Debug;
		};
		716B80BC1E55EB7100C1D0C5 /* Release */ = {
			isa = XCBuildConfiguration;
			buildSettings = {
				ASSETCATALOG_COMPILER_APPICON_NAME = AppIcon;
				DEVELOPMENT_TEAM = HZWL927386;
				INFOPLIST_FILE = Quiz/Info.plist;
				LD_RUNPATH_SEARCH_PATHS = "$(inherited) @executable_path/Frameworks";
				PRODUCT_BUNDLE_IDENTIFIER = com.bignerdranch.Quiz;
				PRODUCT_NAME = "$(TARGET_NAME)";
				SWIFT_VERSION = 3.0;
			};
			name = Release;
		};
		716B80BE1E55EB7100C1D0C5 /* Debug */ = {
			isa = XCBuildConfiguration;
			buildSettings = {
				ALWAYS_EMBED_SWIFT_STANDARD_LIBRARIES = YES;
				BUNDLE_LOADER = "$(TEST_HOST)";
				INFOPLIST_FILE = QuizTests/Info.plist;
				LD_RUNPATH_SEARCH_PATHS = "$(inherited) @executable_path/Frameworks @loader_path/Frameworks";
				PRODUCT_BUNDLE_IDENTIFIER = com.bignerdranch.QuizTests;
				PRODUCT_NAME = "$(TARGET_NAME)";
				SWIFT_VERSION = 3.0;
				TEST_HOST = "$(BUILT_PRODUCTS_DIR)/Quiz.app/Quiz";
			};
			name = Debug;
		};
		716B80BF1E55EB7100C1D0C5 /* Release */ = {
			isa = XCBuildConfiguration;
			buildSettings = {
				ALWAYS_EMBED_SWIFT_STANDARD_LIBRARIES = YES;
				BUNDLE_LOADER = "$(TEST_HOST)";
				INFOPLIST_FILE = QuizTests/Info.plist;
				LD_RUNPATH_SEARCH_PATHS = "$(inherited) @executable_path/Frameworks @loader_path/Frameworks";
				PRODUCT_BUNDLE_IDENTIFIER = com.bignerdranch.QuizTests;
				PRODUCT_NAME = "$(TARGET_NAME)";
				SWIFT_VERSION = 3.0;
				TEST_HOST = "$(BUILT_PRODUCTS_DIR)/Quiz.app/Quiz";
			};
			name = Release;
		};
		716B80C11E55EB7100C1D0C5 /* Debug */ = {
			isa = XCBuildConfiguration;
			buildSettings = {
				ALWAYS_EMBED_SWIFT_STANDARD_LIBRARIES = YES;
				INFOPLIST_FILE = QuizUITests/Info.plist;
				LD_RUNPATH_SEARCH_PATHS = "$(inherited) @executable_path/Frameworks @loader_path/Frameworks";
				PRODUCT_BUNDLE_IDENTIFIER = com.bignerdranch.QuizUITests;
				PRODUCT_NAME = "$(TARGET_NAME)";
				SWIFT_VERSION = 3.0;
				TEST_TARGET_NAME = Quiz;
			};
			name = Debug;
		};
		716B80C21E55EB7100C1D0C5 /* Release */ = {
			isa = XCBuildConfiguration;
			buildSettings = {
				ALWAYS_EMBED_SWIFT_STANDARD_LIBRARIES = YES;
				INFOPLIST_FILE = QuizUITests/Info.plist;
				LD_RUNPATH_SEARCH_PATHS = "$(inherited) @executable_path/Frameworks @loader_path/Frameworks";
				PRODUCT_BUNDLE_IDENTIFIER = com.bignerdranch.QuizUITests;
				PRODUCT_NAME = "$(TARGET_NAME)";
				SWIFT_VERSION = 3.0;
				TEST_TARGET_NAME = Quiz;
			};
			name = Release;
		};
/* End XCBuildConfiguration section */

/* Begin XCConfigurationList section */
		716B808D1E55EB7000C1D0C5 /* Build configuration list for PBXProject "Quiz" */ = {
			isa = XCConfigurationList;
			buildConfigurations = (
				716B80B81E55EB7100C1D0C5 /* Debug */,
				716B80B91E55EB7100C1D0C5 /* Release */,
			);
			defaultConfigurationIsVisible = 0;
			defaultConfigurationName = Release;
		};
		716B80BA1E55EB7100C1D0C5 /* Build configuration list for PBXNativeTarget "Quiz" */ = {
			isa = XCConfigurationList;
			buildConfigurations = (
				716B80BB1E55EB7100C1D0C5 /* Debug */,
				716B80BC1E55EB7100C1D0C5 /* Release */,
			);
			defaultConfigurationIsVisible = 0;
			defaultConfigurationName = Release;
		};
		716B80BD1E55EB7100C1D0C5 /* Build configuration list for PBXNativeTarget "QuizTests" */ = {
			isa = XCConfigurationList;
			buildConfigurations = (
				716B80BE1E55EB7100C1D0C5 /* Debug */,
				716B80BF1E55EB7100C1D0C5 /* Release */,
			);
			defaultConfigurationIsVisible = 0;
			defaultConfigurationName = Release;
		};
		716B80C01E55EB7100C1D0C5 /* Build configuration list for PBXNativeTarget "QuizUITests" */ = {
			isa = XCConfigurationList;
			buildConfigurations = (
				716B80C11E55EB7100C1D0C5 /* Debug */,
				716B80C21E55EB7100C1D0C5 /* Release */,
			);
			defaultConfigurationIsVisible = 0;
			defaultConfigurationName = Release;
		};
/* End XCConfigurationList section */
	};
	rootObject = 716B808A1E55EB7000C1D0C5 /* Project object */;
}
